// !$*UTF8*$!
{
	archiveVersion = 1;
	classes = {
	};
	objectVersion = 77;
	objects = {

/* Begin PBXContainerItemProxy section */
		08137B1C2CEEBE17008ADEF7 /* PBXContainerItemProxy */ = {
			isa = PBXContainerItemProxy;
			containerPortal = 08137B032CEEBE15008ADEF7 /* Project object */;
			proxyType = 1;
			remoteGlobalIDString = 08137B0A2CEEBE15008ADEF7;
			remoteInfo = pixelApp;
		};
		08137B262CEEBE17008ADEF7 /* PBXContainerItemProxy */ = {
			isa = PBXContainerItemProxy;
			containerPortal = 08137B032CEEBE15008ADEF7 /* Project object */;
			proxyType = 1;
			remoteGlobalIDString = 08137B0A2CEEBE15008ADEF7;
			remoteInfo = pixelApp;
		};
/* End PBXContainerItemProxy section */

/* Begin PBXFileReference section */
		08137B0B2CEEBE15008ADEF7 /* pixelApp.app */ = {isa = PBXFileReference; explicitFileType = wrapper.application; includeInIndex = 0; path = pixelApp.app; sourceTree = BUILT_PRODUCTS_DIR; };
		08137B1B2CEEBE17008ADEF7 /* pixelAppTests.xctest */ = {isa = PBXFileReference; explicitFileType = wrapper.cfbundle; includeInIndex = 0; path = pixelAppTests.xctest; sourceTree = BUILT_PRODUCTS_DIR; };
		08137B252CEEBE17008ADEF7 /* pixelAppUITests.xctest */ = {isa = PBXFileReference; explicitFileType = wrapper.cfbundle; includeInIndex = 0; path = pixelAppUITests.xctest; sourceTree = BUILT_PRODUCTS_DIR; };
/* End PBXFileReference section */

/* Begin PBXFileSystemSynchronizedBuildFileExceptionSet section */
		08D88CB42D0A8C8400A2D28A /* Exceptions for "pixelApp" folder in "pixelApp" target */ = {
			isa = PBXFileSystemSynchronizedBuildFileExceptionSet;
			membershipExceptions = (
				Info.plist,
			);
			target = 08137B0A2CEEBE15008ADEF7 /* pixelApp */;
		};
/* End PBXFileSystemSynchronizedBuildFileExceptionSet section */

/* Begin PBXFileSystemSynchronizedRootGroup section */
		08137B0D2CEEBE15008ADEF7 /* pixelApp */ = {
			isa = PBXFileSystemSynchronizedRootGroup;
			exceptions = (
				08D88CB42D0A8C8400A2D28A /* Exceptions for "pixelApp" folder in "pixelApp" target */,
			);
			path = pixelApp;
			sourceTree = "<group>";
		};
		08137B1E2CEEBE17008ADEF7 /* pixelAppTests */ = {
			isa = PBXFileSystemSynchronizedRootGroup;
			path = pixelAppTests;
			sourceTree = "<group>";
		};
		08137B282CEEBE17008ADEF7 /* pixelAppUITests */ = {
			isa = PBXFileSystemSynchronizedRootGroup;
			path = pixelAppUITests;
			sourceTree = "<group>";
		};
/* End PBXFileSystemSynchronizedRootGroup section */

/* Begin PBXFrameworksBuildPhase section */
		08137B082CEEBE15008ADEF7 /* Frameworks */ = {
			isa = PBXFrameworksBuildPhase;
			buildActionMask = 2147483647;
			files = (
			);
			runOnlyForDeploymentPostprocessing = 0;
		};
		08137B182CEEBE17008ADEF7 /* Frameworks */ = {
			isa = PBXFrameworksBuildPhase;
			buildActionMask = 2147483647;
			files = (
			);
			runOnlyForDeploymentPostprocessing = 0;
		};
		08137B222CEEBE17008ADEF7 /* Frameworks */ = {
			isa = PBXFrameworksBuildPhase;
			buildActionMask = 2147483647;
			files = (
			);
			runOnlyForDeploymentPostprocessing = 0;
		};
/* End PBXFrameworksBuildPhase section */

/* Begin PBXGroup section */
		08137B022CEEBE15008ADEF7 = {
			isa = PBXGroup;
			children = (
				08137B0D2CEEBE15008ADEF7 /* pixelApp */,
				08137B1E2CEEBE17008ADEF7 /* pixelAppTests */,
				08137B282CEEBE17008ADEF7 /* pixelAppUITests */,
				08137B0C2CEEBE15008ADEF7 /* Products */,
			);
			sourceTree = "<group>";
		};
		08137B0C2CEEBE15008ADEF7 /* Products */ = {
			isa = PBXGroup;
			children = (
				08137B0B2CEEBE15008ADEF7 /* pixelApp.app */,
				08137B1B2CEEBE17008ADEF7 /* pixelAppTests.xctest */,
				08137B252CEEBE17008ADEF7 /* pixelAppUITests.xctest */,
			);
			name = Products;
			sourceTree = "<group>";
		};
/* End PBXGroup section */

/* Begin PBXNativeTarget section */
		08137B0A2CEEBE15008ADEF7 /* pixelApp */ = {
			isa = PBXNativeTarget;
			buildConfigurationList = 08137B2F2CEEBE17008ADEF7 /* Build configuration list for PBXNativeTarget "pixelApp" */;
			buildPhases = (
				08137B072CEEBE15008ADEF7 /* Sources */,
				08137B082CEEBE15008ADEF7 /* Frameworks */,
				08137B092CEEBE15008ADEF7 /* Resources */,
			);
			buildRules = (
			);
			dependencies = (
			);
			fileSystemSynchronizedGroups = (
				08137B0D2CEEBE15008ADEF7 /* pixelApp */,
			);
			name = pixelApp;
			packageProductDependencies = (
			);
			productName = pixelApp;
			productReference = 08137B0B2CEEBE15008ADEF7 /* pixelApp.app */;
			productType = "com.apple.product-type.application";
		};
		08137B1A2CEEBE17008ADEF7 /* pixelAppTests */ = {
			isa = PBXNativeTarget;
			buildConfigurationList = 08137B322CEEBE17008ADEF7 /* Build configuration list for PBXNativeTarget "pixelAppTests" */;
			buildPhases = (
				08137B172CEEBE17008ADEF7 /* Sources */,
				08137B182CEEBE17008ADEF7 /* Frameworks */,
				08137B192CEEBE17008ADEF7 /* Resources */,
			);
			buildRules = (
			);
			dependencies = (
				08137B1D2CEEBE17008ADEF7 /* PBXTargetDependency */,
			);
			fileSystemSynchronizedGroups = (
				08137B1E2CEEBE17008ADEF7 /* pixelAppTests */,
			);
			name = pixelAppTests;
			packageProductDependencies = (
			);
			productName = pixelAppTests;
			productReference = 08137B1B2CEEBE17008ADEF7 /* pixelAppTests.xctest */;
			productType = "com.apple.product-type.bundle.unit-test";
		};
		08137B242CEEBE17008ADEF7 /* pixelAppUITests */ = {
			isa = PBXNativeTarget;
			buildConfigurationList = 08137B352CEEBE17008ADEF7 /* Build configuration list for PBXNativeTarget "pixelAppUITests" */;
			buildPhases = (
				08137B212CEEBE17008ADEF7 /* Sources */,
				08137B222CEEBE17008ADEF7 /* Frameworks */,
				08137B232CEEBE17008ADEF7 /* Resources */,
			);
			buildRules = (
			);
			dependencies = (
				08137B272CEEBE17008ADEF7 /* PBXTargetDependency */,
			);
			fileSystemSynchronizedGroups = (
				08137B282CEEBE17008ADEF7 /* pixelAppUITests */,
			);
			name = pixelAppUITests;
			packageProductDependencies = (
			);
			productName = pixelAppUITests;
			productReference = 08137B252CEEBE17008ADEF7 /* pixelAppUITests.xctest */;
			productType = "com.apple.product-type.bundle.ui-testing";
		};
/* End PBXNativeTarget section */

/* Begin PBXProject section */
		08137B032CEEBE15008ADEF7 /* Project object */ = {
			isa = PBXProject;
			attributes = {
				BuildIndependentTargetsInParallel = 1;
				LastSwiftUpdateCheck = 1610;
				LastUpgradeCheck = 1610;
				TargetAttributes = {
					08137B0A2CEEBE15008ADEF7 = {
						CreatedOnToolsVersion = 16.1;
					};
					08137B1A2CEEBE17008ADEF7 = {
						CreatedOnToolsVersion = 16.1;
						TestTargetID = 08137B0A2CEEBE15008ADEF7;
					};
					08137B242CEEBE17008ADEF7 = {
						CreatedOnToolsVersion = 16.1;
						TestTargetID = 08137B0A2CEEBE15008ADEF7;
					};
				};
			};
			buildConfigurationList = 08137B062CEEBE15008ADEF7 /* Build configuration list for PBXProject "pixelApp" */;
			developmentRegion = en;
			hasScannedForEncodings = 0;
			knownRegions = (
				en,
				Base,
			);
			mainGroup = 08137B022CEEBE15008ADEF7;
			minimizedProjectReferenceProxies = 1;
			preferredProjectObjectVersion = 77;
			productRefGroup = 08137B0C2CEEBE15008ADEF7 /* Products */;
			projectDirPath = "";
			projectRoot = "";
			targets = (
				08137B0A2CEEBE15008ADEF7 /* pixelApp */,
				08137B1A2CEEBE17008ADEF7 /* pixelAppTests */,
				08137B242CEEBE17008ADEF7 /* pixelAppUITests */,
			);
		};
/* End PBXProject section */

/* Begin PBXResourcesBuildPhase section */
		08137B092CEEBE15008ADEF7 /* Resources */ = {
			isa = PBXResourcesBuildPhase;
			buildActionMask = 2147483647;
			files = (
			);
			runOnlyForDeploymentPostprocessing = 0;
		};
		08137B192CEEBE17008ADEF7 /* Resources */ = {
			isa = PBXResourcesBuildPhase;
			buildActionMask = 2147483647;
			files = (
			);
			runOnlyForDeploymentPostprocessing = 0;
		};
		08137B232CEEBE17008ADEF7 /* Resources */ = {
			isa = PBXResourcesBuildPhase;
			buildActionMask = 2147483647;
			files = (
			);
			runOnlyForDeploymentPostprocessing = 0;
		};
/* End PBXResourcesBuildPhase section */

/* Begin PBXSourcesBuildPhase section */
		08137B072CEEBE15008ADEF7 /* Sources */ = {
			isa = PBXSourcesBuildPhase;
			buildActionMask = 2147483647;
			files = (
			);
			runOnlyForDeploymentPostprocessing = 0;
		};
		08137B172CEEBE17008ADEF7 /* Sources */ = {
			isa = PBXSourcesBuildPhase;
			buildActionMask = 2147483647;
			files = (
			);
			runOnlyForDeploymentPostprocessing = 0;
		};
		08137B212CEEBE17008ADEF7 /* Sources */ = {
			isa = PBXSourcesBuildPhase;
			buildActionMask = 2147483647;
			files = (
			);
			runOnlyForDeploymentPostprocessing = 0;
		};
/* End PBXSourcesBuildPhase section */

/* Begin PBXTargetDependency section */
		08137B1D2CEEBE17008ADEF7 /* PBXTargetDependency */ = {
			isa = PBXTargetDependency;
			target = 08137B0A2CEEBE15008ADEF7 /* pixelApp */;
			targetProxy = 08137B1C2CEEBE17008ADEF7 /* PBXContainerItemProxy */;
		};
		08137B272CEEBE17008ADEF7 /* PBXTargetDependency */ = {
			isa = PBXTargetDependency;
			target = 08137B0A2CEEBE15008ADEF7 /* pixelApp */;
			targetProxy = 08137B262CEEBE17008ADEF7 /* PBXContainerItemProxy */;
		};
/* End PBXTargetDependency section */

/* Begin XCBuildConfiguration section */
		08137B2D2CEEBE17008ADEF7 /* Debug */ = {
			isa = XCBuildConfiguration;
			buildSettings = {
				ALWAYS_SEARCH_USER_PATHS = NO;
				ASSETCATALOG_COMPILER_GENERATE_SWIFT_ASSET_SYMBOL_EXTENSIONS = YES;
				CLANG_ANALYZER_NONNULL = YES;
				CLANG_ANALYZER_NUMBER_OBJECT_CONVERSION = YES_AGGRESSIVE;
				CLANG_CXX_LANGUAGE_STANDARD = "gnu++20";
				CLANG_ENABLE_MODULES = YES;
				CLANG_ENABLE_OBJC_ARC = YES;
				CLANG_ENABLE_OBJC_WEAK = YES;
				CLANG_WARN_BLOCK_CAPTURE_AUTORELEASING = YES;
				CLANG_WARN_BOOL_CONVERSION = YES;
				CLANG_WARN_COMMA = YES;
				CLANG_WARN_CONSTANT_CONVERSION = YES;
				CLANG_WARN_DEPRECATED_OBJC_IMPLEMENTATIONS = YES;
				CLANG_WARN_DIRECT_OBJC_ISA_USAGE = YES_ERROR;
				CLANG_WARN_DOCUMENTATION_COMMENTS = YES;
				CLANG_WARN_EMPTY_BODY = YES;
				CLANG_WARN_ENUM_CONVERSION = YES;
				CLANG_WARN_INFINITE_RECURSION = YES;
				CLANG_WARN_INT_CONVERSION = YES;
				CLANG_WARN_NON_LITERAL_NULL_CONVERSION = YES;
				CLANG_WARN_OBJC_IMPLICIT_RETAIN_SELF = YES;
				CLANG_WARN_OBJC_LITERAL_CONVERSION = YES;
				CLANG_WARN_OBJC_ROOT_CLASS = YES_ERROR;
				CLANG_WARN_QUOTED_INCLUDE_IN_FRAMEWORK_HEADER = YES;
				CLANG_WARN_RANGE_LOOP_ANALYSIS = YES;
				CLANG_WARN_STRICT_PROTOTYPES = YES;
				CLANG_WARN_SUSPICIOUS_MOVE = YES;
				CLANG_WARN_UNGUARDED_AVAILABILITY = YES_AGGRESSIVE;
				CLANG_WARN_UNREACHABLE_CODE = YES;
				CLANG_WARN__DUPLICATE_METHOD_MATCH = YES;
				COPY_PHASE_STRIP = NO;
				DEBUG_INFORMATION_FORMAT = dwarf;
				ENABLE_STRICT_OBJC_MSGSEND = YES;
				ENABLE_TESTABILITY = YES;
				ENABLE_USER_SCRIPT_SANDBOXING = YES;
				GCC_C_LANGUAGE_STANDARD = gnu17;
				GCC_DYNAMIC_NO_PIC = NO;
				GCC_NO_COMMON_BLOCKS = YES;
				GCC_OPTIMIZATION_LEVEL = 0;
				GCC_PREPROCESSOR_DEFINITIONS = (
					"DEBUG=1",
					"$(inherited)",
				);
				GCC_WARN_64_TO_32_BIT_CONVERSION = YES;
				GCC_WARN_ABOUT_RETURN_TYPE = YES_ERROR;
				GCC_WARN_UNDECLARED_SELECTOR = YES;
				GCC_WARN_UNINITIALIZED_AUTOS = YES_AGGRESSIVE;
				GCC_WARN_UNUSED_FUNCTION = YES;
				GCC_WARN_UNUSED_VARIABLE = YES;
				IPHONEOS_DEPLOYMENT_TARGET = 18.1;
				LOCALIZATION_PREFERS_STRING_CATALOGS = YES;
				MTL_ENABLE_DEBUG_INFO = INCLUDE_SOURCE;
				MTL_FAST_MATH = YES;
				ONLY_ACTIVE_ARCH = YES;
				SDKROOT = iphoneos;
				SWIFT_ACTIVE_COMPILATION_CONDITIONS = "DEBUG $(inherited)";
				SWIFT_OPTIMIZATION_LEVEL = "-Onone";
			};
			name = Debug;
		};
		08137B2E2CEEBE17008ADEF7 /* Release */ = {
			isa = XCBuildConfiguration;
			buildSettings = {
				ALWAYS_SEARCH_USER_PATHS = NO;
				ASSETCATALOG_COMPILER_GENERATE_SWIFT_ASSET_SYMBOL_EXTENSIONS = YES;
				CLANG_ANALYZER_NONNULL = YES;
				CLANG_ANALYZER_NUMBER_OBJECT_CONVERSION = YES_AGGRESSIVE;
				CLANG_CXX_LANGUAGE_STANDARD = "gnu++20";
				CLANG_ENABLE_MODULES = YES;
				CLANG_ENABLE_OBJC_ARC = YES;
				CLANG_ENABLE_OBJC_WEAK = YES;
				CLANG_WARN_BLOCK_CAPTURE_AUTORELEASING = YES;
				CLANG_WARN_BOOL_CONVERSION = YES;
				CLANG_WARN_COMMA = YES;
				CLANG_WARN_CONSTANT_CONVERSION = YES;
				CLANG_WARN_DEPRECATED_OBJC_IMPLEMENTATIONS = YES;
				CLANG_WARN_DIRECT_OBJC_ISA_USAGE = YES_ERROR;
				CLANG_WARN_DOCUMENTATION_COMMENTS = YES;
				CLANG_WARN_EMPTY_BODY = YES;
				CLANG_WARN_ENUM_CONVERSION = YES;
				CLANG_WARN_INFINITE_RECURSION = YES;
				CLANG_WARN_INT_CONVERSION = YES;
				CLANG_WARN_NON_LITERAL_NULL_CONVERSION = YES;
				CLANG_WARN_OBJC_IMPLICIT_RETAIN_SELF = YES;
				CLANG_WARN_OBJC_LITERAL_CONVERSION = YES;
				CLANG_WARN_OBJC_ROOT_CLASS = YES_ERROR;
				CLANG_WARN_QUOTED_INCLUDE_IN_FRAMEWORK_HEADER = YES;
				CLANG_WARN_RANGE_LOOP_ANALYSIS = YES;
				CLANG_WARN_STRICT_PROTOTYPES = YES;
				CLANG_WARN_SUSPICIOUS_MOVE = YES;
				CLANG_WARN_UNGUARDED_AVAILABILITY = YES_AGGRESSIVE;
				CLANG_WARN_UNREACHABLE_CODE = YES;
				CLANG_WARN__DUPLICATE_METHOD_MATCH = YES;
				COPY_PHASE_STRIP = NO;
				DEBUG_INFORMATION_FORMAT = "dwarf-with-dsym";
				ENABLE_NS_ASSERTIONS = NO;
				ENABLE_STRICT_OBJC_MSGSEND = YES;
				ENABLE_USER_SCRIPT_SANDBOXING = YES;
				GCC_C_LANGUAGE_STANDARD = gnu17;
				GCC_NO_COMMON_BLOCKS = YES;
				GCC_WARN_64_TO_32_BIT_CONVERSION = YES;
				GCC_WARN_ABOUT_RETURN_TYPE = YES_ERROR;
				GCC_WARN_UNDECLARED_SELECTOR = YES;
				GCC_WARN_UNINITIALIZED_AUTOS = YES_AGGRESSIVE;
				GCC_WARN_UNUSED_FUNCTION = YES;
				GCC_WARN_UNUSED_VARIABLE = YES;
				IPHONEOS_DEPLOYMENT_TARGET = 18.1;
				LOCALIZATION_PREFERS_STRING_CATALOGS = YES;
				MTL_ENABLE_DEBUG_INFO = NO;
				MTL_FAST_MATH = YES;
				SDKROOT = iphoneos;
				SWIFT_COMPILATION_MODE = wholemodule;
				VALIDATE_PRODUCT = YES;
			};
			name = Release;
		};
		08137B302CEEBE17008ADEF7 /* Debug */ = {
			isa = XCBuildConfiguration;
			buildSettings = {
				ASSETCATALOG_COMPILER_APPICON_NAME = AppIcon;
				ASSETCATALOG_COMPILER_GLOBAL_ACCENT_COLOR_NAME = AccentColor;
				CODE_SIGN_STYLE = Automatic;
				CURRENT_PROJECT_VERSION = 1;
				DEVELOPMENT_ASSET_PATHS = "\"pixelApp/Preview Content\"";
				DEVELOPMENT_TEAM = 88JQJLT29G;
				ENABLE_PREVIEWS = YES;
				GENERATE_INFOPLIST_FILE = YES;
				INFOPLIST_FILE = pixelApp/Info.plist;
				INFOPLIST_KEY_NSAppleMusicUsageDescription = "";
				INFOPLIST_KEY_NSPhotoLibraryUsageDescription = "";
				INFOPLIST_KEY_UIApplicationSceneManifest_Generation = YES;
				INFOPLIST_KEY_UIApplicationSupportsIndirectInputEvents = YES;
				INFOPLIST_KEY_UILaunchScreen_Generation = YES;
				INFOPLIST_KEY_UISupportedInterfaceOrientations_iPad = "UIInterfaceOrientationPortrait UIInterfaceOrientationPortraitUpsideDown UIInterfaceOrientationLandscapeLeft UIInterfaceOrientationLandscapeRight";
				INFOPLIST_KEY_UISupportedInterfaceOrientations_iPhone = "UIInterfaceOrientationPortrait UIInterfaceOrientationLandscapeLeft UIInterfaceOrientationLandscapeRight";
				LD_RUNPATH_SEARCH_PATHS = (
					"$(inherited)",
					"@executable_path/Frameworks",
				);
				MARKETING_VERSION = 1.0;
				PRODUCT_BUNDLE_IDENTIFIER = ron.self.pixelApp;
				PRODUCT_NAME = "$(TARGET_NAME)";
				SWIFT_EMIT_LOC_STRINGS = YES;
				SWIFT_VERSION = 5.0;
				TARGETED_DEVICE_FAMILY = "1,2";
			};
			name = Debug;
		};
		08137B312CEEBE17008ADEF7 /* Release */ = {
			isa = XCBuildConfiguration;
			buildSettings = {
				ASSETCATALOG_COMPILER_APPICON_NAME = AppIcon;
				ASSETCATALOG_COMPILER_GLOBAL_ACCENT_COLOR_NAME = AccentColor;
				CODE_SIGN_STYLE = Automatic;
				CURRENT_PROJECT_VERSION = 1;
				DEVELOPMENT_ASSET_PATHS = "\"pixelApp/Preview Content\"";
				DEVELOPMENT_TEAM = 88JQJLT29G;
				ENABLE_PREVIEWS = YES;
				GENERATE_INFOPLIST_FILE = YES;
				INFOPLIST_FILE = pixelApp/Info.plist;
				INFOPLIST_KEY_NSAppleMusicUsageDescription = "";
				INFOPLIST_KEY_NSPhotoLibraryUsageDescription = "";
				INFOPLIST_KEY_UIApplicationSceneManifest_Generation = YES;
				INFOPLIST_KEY_UIApplicationSupportsIndirectInputEvents = YES;
				INFOPLIST_KEY_UILaunchScreen_Generation = YES;
				INFOPLIST_KEY_UISupportedInterfaceOrientations_iPad = "UIInterfaceOrientationPortrait UIInterfaceOrientationPortraitUpsideDown UIInterfaceOrientationLandscapeLeft UIInterfaceOrientationLandscapeRight";
				INFOPLIST_KEY_UISupportedInterfaceOrientations_iPhone = "UIInterfaceOrientationPortrait UIInterfaceOrientationLandscapeLeft UIInterfaceOrientationLandscapeRight";
				LD_RUNPATH_SEARCH_PATHS = (
					"$(inherited)",
					"@executable_path/Frameworks",
				);
				MARKETING_VERSION = 1.0;
				PRODUCT_BUNDLE_IDENTIFIER = ron.self.pixelApp;
				PRODUCT_NAME = "$(TARGET_NAME)";
				SWIFT_EMIT_LOC_STRINGS = YES;
				SWIFT_VERSION = 5.0;
				TARGETED_DEVICE_FAMILY = "1,2";
			};
			name = Release;
		};
		08137B332CEEBE17008ADEF7 /* Debug */ = {
			isa = XCBuildConfiguration;
			buildSettings = {
				BUNDLE_LOADER = "$(TEST_HOST)";
				CODE_SIGN_STYLE = Automatic;
				CURRENT_PROJECT_VERSION = 1;
				DEVELOPMENT_TEAM = 88JQJLT29G;
				GENERATE_INFOPLIST_FILE = YES;
				IPHONEOS_DEPLOYMENT_TARGET = 18.1;
				MARKETING_VERSION = 1.0;
				PRODUCT_BUNDLE_IDENTIFIER = ron.self.pixelAppTests;
				PRODUCT_NAME = "$(TARGET_NAME)";
				SWIFT_EMIT_LOC_STRINGS = NO;
				SWIFT_VERSION = 5.0;
				TARGETED_DEVICE_FAMILY = "1,2";
				TEST_HOST = "$(BUILT_PRODUCTS_DIR)/pixelApp.app/$(BUNDLE_EXECUTABLE_FOLDER_PATH)/pixelApp";
			};
			name = Debug;
		};
		08137B342CEEBE17008ADEF7 /* Release */ = {
			isa = XCBuildConfiguration;
			buildSettings = {
				BUNDLE_LOADER = "$(TEST_HOST)";
				CODE_SIGN_STYLE = Automatic;
				CURRENT_PROJECT_VERSION = 1;
				DEVELOPMENT_TEAM = 88JQJLT29G;
				GENERATE_INFOPLIST_FILE = YES;
				IPHONEOS_DEPLOYMENT_TARGET = 18.1;
				MARKETING_VERSION = 1.0;
				PRODUCT_BUNDLE_IDENTIFIER = ron.self.pixelAppTests;
				PRODUCT_NAME = "$(TARGET_NAME)";
				SWIFT_EMIT_LOC_STRINGS = NO;
				SWIFT_VERSION = 5.0;
				TARGETED_DEVICE_FAMILY = "1,2";
				TEST_HOST = "$(BUILT_PRODUCTS_DIR)/pixelApp.app/$(BUNDLE_EXECUTABLE_FOLDER_PATH)/pixelApp";
			};
			name = Release;
		};
		08137B362CEEBE17008ADEF7 /* Debug */ = {
			isa = XCBuildConfiguration;
			buildSettings = {
				CODE_SIGN_STYLE = Automatic;
				CURRENT_PROJECT_VERSION = 1;
				DEVELOPMENT_TEAM = 88JQJLT29G;
				GENERATE_INFOPLIST_FILE = YES;
				MARKETING_VERSION = 1.0;
				PRODUCT_BUNDLE_IDENTIFIER = ron.self.pixelAppUITests;
				PRODUCT_NAME = "$(TARGET_NAME)";
				SWIFT_EMIT_LOC_STRINGS = NO;
				SWIFT_VERSION = 5.0;
				TARGETED_DEVICE_FAMILY = "1,2";
				TEST_TARGET_NAME = pixelApp;
			};
			name = Debug;
		};
		08137B372CEEBE17008ADEF7 /* Release */ = {
			isa = XCBuildConfiguration;
			buildSettings = {
				CODE_SIGN_STYLE = Automatic;
				CURRENT_PROJECT_VERSION = 1;
				DEVELOPMENT_TEAM = 88JQJLT29G;
				GENERATE_INFOPLIST_FILE = YES;
				MARKETING_VERSION = 1.0;
				PRODUCT_BUNDLE_IDENTIFIER = ron.self.pixelAppUITests;
				PRODUCT_NAME = "$(TARGET_NAME)";
				SWIFT_EMIT_LOC_STRINGS = NO;
				SWIFT_VERSION = 5.0;
				TARGETED_DEVICE_FAMILY = "1,2";
				TEST_TARGET_NAME = pixelApp;
			};
			name = Release;
		};
/* End XCBuildConfiguration section */

/* Begin XCConfigurationList section */
		08137B062CEEBE15008ADEF7 /* Build configuration list for PBXProject "pixelApp" */ = {
			isa = XCConfigurationList;
			buildConfigurations = (
				08137B2D2CEEBE17008ADEF7 /* Debug */,
				08137B2E2CEEBE17008ADEF7 /* Release */,
			);
			defaultConfigurationIsVisible = 0;
			defaultConfigurationName = Release;
		};
		08137B2F2CEEBE17008ADEF7 /* Build configuration list for PBXNativeTarget "pixelApp" */ = {
			isa = XCConfigurationList;
			buildConfigurations = (
				08137B302CEEBE17008ADEF7 /* Debug */,
				08137B312CEEBE17008ADEF7 /* Release */,
			);
			defaultConfigurationIsVisible = 0;
			defaultConfigurationName = Release;
		};
		08137B322CEEBE17008ADEF7 /* Build configuration list for PBXNativeTarget "pixelAppTests" */ = {
			isa = XCConfigurationList;
			buildConfigurations = (
				08137B332CEEBE17008ADEF7 /* Debug */,
				08137B342CEEBE17008ADEF7 /* Release */,
			);
			defaultConfigurationIsVisible = 0;
			defaultConfigurationName = Release;
		};
		08137B352CEEBE17008ADEF7 /* Build configuration list for PBXNativeTarget "pixelAppUITests" */ = {
			isa = XCConfigurationList;
			buildConfigurations = (
				08137B362CEEBE17008ADEF7 /* Debug */,
				08137B372CEEBE17008ADEF7 /* Release */,
			);
			defaultConfigurationIsVisible = 0;
			defaultConfigurationName = Release;
		};
/* End XCConfigurationList section */
	};
	rootObject = 08137B032CEEBE15008ADEF7 /* Project object */;
}
